{
  "name": "vitepress-plugin-search",
  "version": "0.0.1",
  "lockfileVersion": 2,
  "requires": true,
  "packages": {
    "": {
      "name": "vitepress-plugin-search",
      "version": "0.0.1",
      "license": "MIT",
      "peerDependencies": {
        "elasticlunr": "^0.9.5",
        "lunr": "^2.3.9"
      }
    },
    "node_modules/elasticlunr": {
      "version": "0.9.5",
      "resolved": "https://registry.npmjs.org/elasticlunr/-/elasticlunr-0.9.5.tgz",
      "integrity": "sha1-ZVQbswnd3Qz5Ty0ciGGyvmUbsNU=",
      "peer": true
    },
    "node_modules/lunr": {
      "version": "2.3.9",
      "resolved": "https://registry.npmjs.org/lunr/-/lunr-2.3.9.tgz",
      "integrity": "sha512-zTU3DaZaF3Rt9rhN3uBMGQD3dD2/vFQqnvZCDv4dl5iOzq2IZQqTxu90r4E5J+nP70J3ilqVCrbho2eWaeW8Ow==",
      "peer": true
    }
  },
  "dependencies": {
    "elasticlunr": {
      "version": "0.9.5",
      "resolved": "https://registry.npmjs.org/elasticlunr/-/elasticlunr-0.9.5.tgz",
      "integrity": "sha1-ZVQbswnd3Qz5Ty0ciGGyvmUbsNU=",
      "peer": true
    },
    "lunr": {
      "version": "2.3.9",
      "resolved": "https://registry.npmjs.org/lunr/-/lunr-2.3.9.tgz",
      "integrity": "sha512-zTU3DaZaF3Rt9rhN3uBMGQD3dD2/vFQqnvZCDv4dl5iOzq2IZQqTxu90r4E5J+nP70J3ilqVCrbho2eWaeW8Ow==",
      "peer": true
    }
  }
}
